
Microsoft Visual Studio Solution File, Format Version 12.00
# Visual Studio 15
VisualStudioVersion = 15.0.27428.2037
MinimumVisualStudioVersion = 10.0.40219.1
Project("{FAE04EC0-301F-11D3-BF4B-00C04F79EFBC}") = "EasyAccountBook", "EasyAccountBook\EasyAccountBook.csproj", "{A079CCD8-4A90-4C19-8E8E-7FCE37854805}"
EndProject
Global
	GlobalSection(SolutionConfigurationPlatforms) = preSolution
		Debug|Any CPU = Debug|Any CPU
		Release|Any CPU = Release|Any CPU
	EndGlobalSection
	GlobalSection(ProjectConfigurationPlatforms) = postSolution
		{A079CCD8-4A90-4C19-8E8E-7FCE37854805}.Debug|Any CPU.ActiveCfg = Debug|Any CPU
		{A079CCD8-4A90-4C19-8E8E-7FCE37854805}.Debug|Any CPU.Build.0 = Debug|Any CPU
		{A079CCD8-4A90-4C19-8E8E-7FCE37854805}.Release|Any CPU.ActiveCfg = Release|Any CPU
		{A079CCD8-4A90-4C19-8E8E-7FCE37854805}.Release|Any CPU.Build.0 = Release|Any CPU
	EndGlobalSection
	GlobalSection(SolutionProperties) = preSolution
		HideSolutionNode = FALSE
	EndGlobalSection
	GlobalSection(ExtensibilityGlobals) = postSolution
		SolutionGuid = {36304A65-F6B5-4898-9D10-65C910C4D178}
	EndGlobalSection
EndGlobal
